
Microsoft Visual Studio Solution File, Format Version 12.00
# Visual Studio 15
VisualStudioVersion = 15.0.27703.2042
MinimumVisualStudioVersion = 10.0.40219.1
Project("{FAE04EC0-301F-11D3-BF4B-00C04F79EFBC}") = "Bayesian", "Bayesian\Bayesian.csproj", "{50CF6F54-C078-442D-9205-73971C444638}"
EndProject
Global
	GlobalSection(SolutionConfigurationPlatforms) = preSolution
		Debug|Any CPU = Debug|Any CPU
		Release|Any CPU = Release|Any CPU
	EndGlobalSection
	GlobalSection(ProjectConfigurationPlatforms) = postSolution
		{50CF6F54-C078-442D-9205-73971C444638}.Debug|Any CPU.ActiveCfg = Debug|Any CPU
		{50CF6F54-C078-442D-9205-73971C444638}.Debug|Any CPU.Build.0 = Debug|Any CPU
		{50CF6F54-C078-442D-9205-73971C444638}.Release|Any CPU.ActiveCfg = Release|Any CPU
		{50CF6F54-C078-442D-9205-73971C444638}.Release|Any CPU.Build.0 = Release|Any CPU
	EndGlobalSection
	GlobalSection(SolutionProperties) = preSolution
		HideSolutionNode = FALSE
	EndGlobalSection
	GlobalSection(ExtensibilityGlobals) = postSolution
		SolutionGuid = {DDF6A250-9D31-4769-AACF-191F111B70E6}
	EndGlobalSection
EndGlobal
